{
  "name": "ajs2",
  "version": "1.0.0",
  "lockfileVersion": 3,
  "requires": true,
  "packages": {
    "": {
      "name": "ajs2",
      "version": "1.0.0",
      "license": "ISC",
      "dependencies": {
        "@q1unt/ajs": "^1.0.0"
      }
    },
    "node_modules/@q1unt/ajs": {
      "version": "1.0.0",
      "resolved": "https://npm.pkg.github.com/download/@q1unt/ajs/1.0.0/605f3c687fc814215bdee5096987195c15b7ca12",
      "integrity": "sha512-jRm/bmbnIak042+an28nwrApKunZJIfzNxzfM6MfP+BFh3uLgDPi95tVe3iD13jk/OYdenE1oufggSrEWkI71g=="
    }
  }
}
